// !$*UTF8*$!
{
	archiveVersion = 1;
	classes = {
	};
	objectVersion = 50;
	objects = {

/* Begin PBXBuildFile section */
		503853B06DEA1D59236FBB6C /* Pods_SkyNow.framework in Frameworks */ = {isa = PBXBuildFile; fileRef = 79CAE278426DF2E0DF07C5F4 /* Pods_SkyNow.framework */; };
		5F929CD8228C9E8500FC734B /* AppDelegate.swift in Sources */ = {isa = PBXBuildFile; fileRef = 5F929CD7228C9E8500FC734B /* AppDelegate.swift */; };
		5F929CDA228C9E8500FC734B /* WeatherViewController.swift in Sources */ = {isa = PBXBuildFile; fileRef = 5F929CD9228C9E8500FC734B /* WeatherViewController.swift */; };
		5F929CDD228C9E8500FC734B /* Main.storyboard in Resources */ = {isa = PBXBuildFile; fileRef = 5F929CDB228C9E8500FC734B /* Main.storyboard */; };
		5F929CDF228C9E8500FC734B /* Assets.xcassets in Resources */ = {isa = PBXBuildFile; fileRef = 5F929CDE228C9E8500FC734B /* Assets.xcassets */; };
		5F929CE2228C9E8500FC734B /* LaunchScreen.storyboard in Resources */ = {isa = PBXBuildFile; fileRef = 5F929CE0228C9E8500FC734B /* LaunchScreen.storyboard */; };
		5FD16D98228CAB300044701A /* TodayWeatherData.swift in Sources */ = {isa = PBXBuildFile; fileRef = 5FD16D97228CAB300044701A /* TodayWeatherData.swift */; };
		5FD16D9E228E23430044701A /* Extension.swift in Sources */ = {isa = PBXBuildFile; fileRef = 5FD16D9D228E23430044701A /* Extension.swift */; };
		5FD16DA0228E68730044701A /* ChangeCityViewController.swift in Sources */ = {isa = PBXBuildFile; fileRef = 5FD16D9F228E68730044701A /* ChangeCityViewController.swift */; };
		5FD16DA2228F30590044701A /* DaysWeatherData.swift in Sources */ = {isa = PBXBuildFile; fileRef = 5FD16DA1228F30590044701A /* DaysWeatherData.swift */; };
		5FD16DA4228F37DB0044701A /* DaysWeatherTableViewCell.swift in Sources */ = {isa = PBXBuildFile; fileRef = 5FD16DA3228F37DB0044701A /* DaysWeatherTableViewCell.swift */; };
/* End PBXBuildFile section */

/* Begin PBXFileReference section */
		5F929CD4228C9E8500FC734B /* SkyNow.app */ = {isa = PBXFileReference; explicitFileType = wrapper.application; includeInIndex = 0; path = SkyNow.app; sourceTree = BUILT_PRODUCTS_DIR; };
		5F929CD7228C9E8500FC734B /* AppDelegate.swift */ = {isa = PBXFileReference; lastKnownFileType = sourcecode.swift; path = AppDelegate.swift; sourceTree = "<group>"; };
		5F929CD9228C9E8500FC734B /* WeatherViewController.swift */ = {isa = PBXFileReference; lastKnownFileType = sourcecode.swift; path = WeatherViewController.swift; sourceTree = "<group>"; };
		5F929CDC228C9E8500FC734B /* Base */ = {isa = PBXFileReference; lastKnownFileType = file.storyboard; name = Base; path = Base.lproj/Main.storyboard; sourceTree = "<group>"; };
		5F929CDE228C9E8500FC734B /* Assets.xcassets */ = {isa = PBXFileReference; lastKnownFileType = folder.assetcatalog; path = Assets.xcassets; sourceTree = "<group>"; };
		5F929CE1228C9E8500FC734B /* Base */ = {isa = PBXFileReference; lastKnownFileType = file.storyboard; name = Base; path = Base.lproj/LaunchScreen.storyboard; sourceTree = "<group>"; };
		5F929CE3228C9E8500FC734B /* Info.plist */ = {isa = PBXFileReference; lastKnownFileType = text.plist.xml; path = Info.plist; sourceTree = "<group>"; };
		5FD16D97228CAB300044701A /* TodayWeatherData.swift */ = {isa = PBXFileReference; lastKnownFileType = sourcecode.swift; path = TodayWeatherData.swift; sourceTree = "<group>"; };
		5FD16D9D228E23430044701A /* Extension.swift */ = {isa = PBXFileReference; lastKnownFileType = sourcecode.swift; path = Extension.swift; sourceTree = "<group>"; };
		5FD16D9F228E68730044701A /* ChangeCityViewController.swift */ = {isa = PBXFileReference; lastKnownFileType = sourcecode.swift; path = ChangeCityViewController.swift; sourceTree = "<group>"; };
		5FD16DA1228F30590044701A /* DaysWeatherData.swift */ = {isa = PBXFileReference; lastKnownFileType = sourcecode.swift; path = DaysWeatherData.swift; sourceTree = "<group>"; };
		5FD16DA3228F37DB0044701A /* DaysWeatherTableViewCell.swift */ = {isa = PBXFileReference; lastKnownFileType = sourcecode.swift; path = DaysWeatherTableViewCell.swift; sourceTree = "<group>"; };
		6C42638A870A09A94D8AA9EE /* Pods-SkyNow.debug.xcconfig */ = {isa = PBXFileReference; includeInIndex = 1; lastKnownFileType = text.xcconfig; name = "Pods-SkyNow.debug.xcconfig"; path = "Target Support Files/Pods-SkyNow/Pods-SkyNow.debug.xcconfig"; sourceTree = "<group>"; };
		79CAE278426DF2E0DF07C5F4 /* Pods_SkyNow.framework */ = {isa = PBXFileReference; explicitFileType = wrapper.framework; includeInIndex = 0; path = Pods_SkyNow.framework; sourceTree = BUILT_PRODUCTS_DIR; };
		B4401E2831BCEA2523975204 /* Pods-SkyNow.release.xcconfig */ = {isa = PBXFileReference; includeInIndex = 1; lastKnownFileType = text.xcconfig; name = "Pods-SkyNow.release.xcconfig"; path = "Target Support Files/Pods-SkyNow/Pods-SkyNow.release.xcconfig"; sourceTree = "<group>"; };
/* End PBXFileReference section */

/* Begin PBXFrameworksBuildPhase section */
		5F929CD1228C9E8500FC734B /* Frameworks */ = {
			isa = PBXFrameworksBuildPhase;
			buildActionMask = 2147483647;
			files = (
				503853B06DEA1D59236FBB6C /* Pods_SkyNow.framework in Frameworks */,
			);
			runOnlyForDeploymentPostprocessing = 0;
		};
/* End PBXFrameworksBuildPhase section */

/* Begin PBXGroup section */
		5F929CCB228C9E8500FC734B = {
			isa = PBXGroup;
			children = (
				5F929CD6228C9E8500FC734B /* SkyNow */,
				5F929CD5228C9E8500FC734B /* Products */,
				7AD4A276E10B161DA9599BB9 /* Pods */,
				E5A980567F92579CE33F3B5D /* Frameworks */,
			);
			sourceTree = "<group>";
		};
		5F929CD5228C9E8500FC734B /* Products */ = {
			isa = PBXGroup;
			children = (
				5F929CD4228C9E8500FC734B /* SkyNow.app */,
			);
			name = Products;
			sourceTree = "<group>";
		};
		5F929CD6228C9E8500FC734B /* SkyNow */ = {
			isa = PBXGroup;
			children = (
				5FD16D9C228E22F60044701A /* Extension */,
				5FD16D94228C9F8E0044701A /* Model */,
				5FD16D95228C9FA90044701A /* View */,
				5FD16D96228C9FB40044701A /* Controller */,
				5F929CE0228C9E8500FC734B /* LaunchScreen.storyboard */,
				5F929CDE228C9E8500FC734B /* Assets.xcassets */,
				5F929CE3228C9E8500FC734B /* Info.plist */,
			);
			path = SkyNow;
			sourceTree = "<group>";
		};
		5FD16D94228C9F8E0044701A /* Model */ = {
			isa = PBXGroup;
			children = (
				5FD16D97228CAB300044701A /* TodayWeatherData.swift */,
				5FD16DA1228F30590044701A /* DaysWeatherData.swift */,
			);
			path = Model;
			sourceTree = "<group>";
		};
		5FD16D95228C9FA90044701A /* View */ = {
			isa = PBXGroup;
			children = (
				5F929CDB228C9E8500FC734B /* Main.storyboard */,
			);
			path = View;
			sourceTree = "<group>";
		};
		5FD16D96228C9FB40044701A /* Controller */ = {
			isa = PBXGroup;
			children = (
				5F929CD7228C9E8500FC734B /* AppDelegate.swift */,
				5F929CD9228C9E8500FC734B /* WeatherViewController.swift */,
				5FD16D9F228E68730044701A /* ChangeCityViewController.swift */,
				5FD16DA3228F37DB0044701A /* DaysWeatherTableViewCell.swift */,
			);
			path = Controller;
			sourceTree = "<group>";
		};
		5FD16D9C228E22F60044701A /* Extension */ = {
			isa = PBXGroup;
			children = (
				5FD16D9D228E23430044701A /* Extension.swift */,
			);
			path = Extension;
			sourceTree = "<group>";
		};
		7AD4A276E10B161DA9599BB9 /* Pods */ = {
			isa = PBXGroup;
			children = (
				6C42638A870A09A94D8AA9EE /* Pods-SkyNow.debug.xcconfig */,
				B4401E2831BCEA2523975204 /* Pods-SkyNow.release.xcconfig */,
			);
			path = Pods;
			sourceTree = "<group>";
		};
		E5A980567F92579CE33F3B5D /* Frameworks */ = {
			isa = PBXGroup;
			children = (
				79CAE278426DF2E0DF07C5F4 /* Pods_SkyNow.framework */,
			);
			name = Frameworks;
			sourceTree = "<group>";
		};
/* End PBXGroup section */

/* Begin PBXNativeTarget section */
		5F929CD3228C9E8500FC734B /* SkyNow */ = {
			isa = PBXNativeTarget;
			buildConfigurationList = 5F929CE6228C9E8500FC734B /* Build configuration list for PBXNativeTarget "SkyNow" */;
			buildPhases = (
				92B4D29480A1AEBEA7C7DB12 /* [CP] Check Pods Manifest.lock */,
				5F929CD0228C9E8500FC734B /* Sources */,
				5F929CD1228C9E8500FC734B /* Frameworks */,
				5F929CD2228C9E8500FC734B /* Resources */,
				9251518E6961F201BC4A38F4 /* [CP] Embed Pods Frameworks */,
			);
			buildRules = (
			);
			dependencies = (
			);
			name = SkyNow;
			productName = SkyNow;
			productReference = 5F929CD4228C9E8500FC734B /* SkyNow.app */;
			productType = "com.apple.product-type.application";
		};
/* End PBXNativeTarget section */

/* Begin PBXProject section */
		5F929CCC228C9E8500FC734B /* Project object */ = {
			isa = PBXProject;
			attributes = {
				LastSwiftUpdateCheck = 1020;
				LastUpgradeCheck = 1020;
				ORGANIZATIONNAME = "Fatimah Galhoum";
				TargetAttributes = {
					5F929CD3228C9E8500FC734B = {
						CreatedOnToolsVersion = 10.2.1;
					};
				};
			};
			buildConfigurationList = 5F929CCF228C9E8500FC734B /* Build configuration list for PBXProject "SkyNow" */;
			compatibilityVersion = "Xcode 9.3";
			developmentRegion = en;
			hasScannedForEncodings = 0;
			knownRegions = (
				en,
				Base,
			);
			mainGroup = 5F929CCB228C9E8500FC734B;
			productRefGroup = 5F929CD5228C9E8500FC734B /* Products */;
			projectDirPath = "";
			projectRoot = "";
			targets = (
				5F929CD3228C9E8500FC734B /* SkyNow */,
			);
		};
/* End PBXProject section */

/* Begin PBXResourcesBuildPhase section */
		5F929CD2228C9E8500FC734B /* Resources */ = {
			isa = PBXResourcesBuildPhase;
			buildActionMask = 2147483647;
			files = (
				5F929CE2228C9E8500FC734B /* LaunchScreen.storyboard in Resources */,
				5F929CDF228C9E8500FC734B /* Assets.xcassets in Resources */,
				5F929CDD228C9E8500FC734B /* Main.storyboard in Resources */,
			);
			runOnlyForDeploymentPostprocessing = 0;
		};
/* End PBXResourcesBuildPhase section */

/* Begin PBXShellScriptBuildPhase section */
		9251518E6961F201BC4A38F4 /* [CP] Embed Pods Frameworks */ = {
			isa = PBXShellScriptBuildPhase;
			buildActionMask = 2147483647;
			files = (
			);
			inputFileListPaths = (
			);
			inputPaths = (
				"${PODS_ROOT}/Target Support Files/Pods-SkyNow/Pods-SkyNow-frameworks.sh",
				"${BUILT_PRODUCTS_DIR}/Alamofire/Alamofire.framework",
				"${BUILT_PRODUCTS_DIR}/SVProgressHUD/SVProgressHUD.framework",
				"${BUILT_PRODUCTS_DIR}/SwiftyJSON/SwiftyJSON.framework",
			);
			name = "[CP] Embed Pods Frameworks";
			outputFileListPaths = (
			);
			outputPaths = (
				"${TARGET_BUILD_DIR}/${FRAMEWORKS_FOLDER_PATH}/Alamofire.framework",
				"${TARGET_BUILD_DIR}/${FRAMEWORKS_FOLDER_PATH}/SVProgressHUD.framework",
				"${TARGET_BUILD_DIR}/${FRAMEWORKS_FOLDER_PATH}/SwiftyJSON.framework",
			);
			runOnlyForDeploymentPostprocessing = 0;
			shellPath = /bin/sh;
			shellScript = "\"${PODS_ROOT}/Target Support Files/Pods-SkyNow/Pods-SkyNow-frameworks.sh\"\n";
			showEnvVarsInLog = 0;
		};
		92B4D29480A1AEBEA7C7DB12 /* [CP] Check Pods Manifest.lock */ = {
			isa = PBXShellScriptBuildPhase;
			buildActionMask = 2147483647;
			files = (
			);
			inputFileListPaths = (
			);
			inputPaths = (
				"${PODS_PODFILE_DIR_PATH}/Podfile.lock",
				"${PODS_ROOT}/Manifest.lock",
			);
			name = "[CP] Check Pods Manifest.lock";
			outputFileListPaths = (
			);
			outputPaths = (
				"$(DERIVED_FILE_DIR)/Pods-SkyNow-checkManifestLockResult.txt",
			);
			runOnlyForDeploymentPostprocessing = 0;
			shellPath = /bin/sh;
			shellScript = "diff \"${PODS_PODFILE_DIR_PATH}/Podfile.lock\" \"${PODS_ROOT}/Manifest.lock\" > /dev/null\nif [ $? != 0 ] ; then\n    # print error to STDERR\n    echo \"error: The sandbox is not in sync with the Podfile.lock. Run 'pod install' or update your CocoaPods installation.\" >&2\n    exit 1\nfi\n# This output is used by Xcode 'outputs' to avoid re-running this script phase.\necho \"SUCCESS\" > \"${SCRIPT_OUTPUT_FILE_0}\"\n";
			showEnvVarsInLog = 0;
		};
/* End PBXShellScriptBuildPhase section */

/* Begin PBXSourcesBuildPhase section */
		5F929CD0228C9E8500FC734B /* Sources */ = {
			isa = PBXSourcesBuildPhase;
			buildActionMask = 2147483647;
			files = (
				5F929CDA228C9E8500FC734B /* WeatherViewController.swift in Sources */,
				5FD16DA2228F30590044701A /* DaysWeatherData.swift in Sources */,
				5FD16D98228CAB300044701A /* TodayWeatherData.swift in Sources */,
				5F929CD8228C9E8500FC734B /* AppDelegate.swift in Sources */,
				5FD16DA4228F37DB0044701A /* DaysWeatherTableViewCell.swift in Sources */,
				5FD16DA0228E68730044701A /* ChangeCityViewController.swift in Sources */,
				5FD16D9E228E23430044701A /* Extension.swift in Sources */,
			);
			runOnlyForDeploymentPostprocessing = 0;
		};
/* End PBXSourcesBuildPhase section */

/* Begin PBXVariantGroup section */
		5F929CDB228C9E8500FC734B /* Main.storyboard */ = {
			isa = PBXVariantGroup;
			children = (
				5F929CDC228C9E8500FC734B /* Base */,
			);
			name = Main.storyboard;
			sourceTree = "<group>";
		};
		5F929CE0228C9E8500FC734B /* LaunchScreen.storyboard */ = {
			isa = PBXVariantGroup;
			children = (
				5F929CE1228C9E8500FC734B /* Base */,
			);
			name = LaunchScreen.storyboard;
			sourceTree = "<group>";
		};
/* End PBXVariantGroup section */

/* Begin XCBuildConfiguration section */
		5F929CE4228C9E8500FC734B /* Debug */ = {
			isa = XCBuildConfiguration;
			buildSettings = {
				ALWAYS_SEARCH_USER_PATHS = NO;
				CLANG_ANALYZER_NONNULL = YES;
				CLANG_ANALYZER_NUMBER_OBJECT_CONVERSION = YES_AGGRESSIVE;
				CLANG_CXX_LANGUAGE_STANDARD = "gnu++14";
				CLANG_CXX_LIBRARY = "libc++";
				CLANG_ENABLE_MODULES = YES;
				CLANG_ENABLE_OBJC_ARC = YES;
				CLANG_ENABLE_OBJC_WEAK = YES;
				CLANG_WARN_BLOCK_CAPTURE_AUTORELEASING = YES;
				CLANG_WARN_BOOL_CONVERSION = YES;
				CLANG_WARN_COMMA = YES;
				CLANG_WARN_CONSTANT_CONVERSION = YES;
				CLANG_WARN_DEPRECATED_OBJC_IMPLEMENTATIONS = YES;
				CLANG_WARN_DIRECT_OBJC_ISA_USAGE = YES_ERROR;
				CLANG_WARN_DOCUMENTATION_COMMENTS = YES;
				CLANG_WARN_EMPTY_BODY = YES;
				CLANG_WARN_ENUM_CONVERSION = YES;
				CLANG_WARN_INFINITE_RECURSION = YES;
				CLANG_WARN_INT_CONVERSION = YES;
				CLANG_WARN_NON_LITERAL_NULL_CONVERSION = YES;
				CLANG_WARN_OBJC_IMPLICIT_RETAIN_SELF = YES;
				CLANG_WARN_OBJC_LITERAL_CONVERSION = YES;
				CLANG_WARN_OBJC_ROOT_CLASS = YES_ERROR;
				CLANG_WARN_RANGE_LOOP_ANALYSIS = YES;
				CLANG_WARN_STRICT_PROTOTYPES = YES;
				CLANG_WARN_SUSPICIOUS_MOVE = YES;
				CLANG_WARN_UNGUARDED_AVAILABILITY = YES_AGGRESSIVE;
				CLANG_WARN_UNREACHABLE_CODE = YES;
				CLANG_WARN__DUPLICATE_METHOD_MATCH = YES;
				CODE_SIGN_IDENTITY = "iPhone Developer";
				COPY_PHASE_STRIP = NO;
				DEBUG_INFORMATION_FORMAT = dwarf;
				ENABLE_STRICT_OBJC_MSGSEND = YES;
				ENABLE_TESTABILITY = YES;
				GCC_C_LANGUAGE_STANDARD = gnu11;
				GCC_DYNAMIC_NO_PIC = NO;
				GCC_NO_COMMON_BLOCKS = YES;
				GCC_OPTIMIZATION_LEVEL = 0;
				GCC_PREPROCESSOR_DEFINITIONS = (
					"DEBUG=1",
					"$(inherited)",
				);
				GCC_WARN_64_TO_32_BIT_CONVERSION = YES;
				GCC_WARN_ABOUT_RETURN_TYPE = YES_ERROR;
				GCC_WARN_UNDECLARED_SELECTOR = YES;
				GCC_WARN_UNINITIALIZED_AUTOS = YES_AGGRESSIVE;
				GCC_WARN_UNUSED_FUNCTION = YES;
				GCC_WARN_UNUSED_VARIABLE = YES;
				IPHONEOS_DEPLOYMENT_TARGET = 12.2;
				MTL_ENABLE_DEBUG_INFO = INCLUDE_SOURCE;
				MTL_FAST_MATH = YES;
				ONLY_ACTIVE_ARCH = YES;
				SDKROOT = iphoneos;
				SWIFT_ACTIVE_COMPILATION_CONDITIONS = DEBUG;
				SWIFT_OPTIMIZATION_LEVEL = "-Onone";
			};
			name = Debug;
		};
		5F929CE5228C9E8500FC734B /* Release */ = {
			isa = XCBuildConfiguration;
			buildSettings = {
				ALWAYS_SEARCH_USER_PATHS = NO;
				CLANG_ANALYZER_NONNULL = YES;
				CLANG_ANALYZER_NUMBER_OBJECT_CONVERSION = YES_AGGRESSIVE;
				CLANG_CXX_LANGUAGE_STANDARD = "gnu++14";
				CLANG_CXX_LIBRARY = "libc++";
				CLANG_ENABLE_MODULES = YES;
				CLANG_ENABLE_OBJC_ARC = YES;
				CLANG_ENABLE_OBJC_WEAK = YES;
				CLANG_WARN_BLOCK_CAPTURE_AUTORELEASING = YES;
				CLANG_WARN_BOOL_CONVERSION = YES;
				CLANG_WARN_COMMA = YES;
				CLANG_WARN_CONSTANT_CONVERSION = YES;
				CLANG_WARN_DEPRECATED_OBJC_IMPLEMENTATIONS = YES;
				CLANG_WARN_DIRECT_OBJC_ISA_USAGE = YES_ERROR;
				CLANG_WARN_DOCUMENTATION_COMMENTS = YES;
				CLANG_WARN_EMPTY_BODY = YES;
				CLANG_WARN_ENUM_CONVERSION = YES;
				CLANG_WARN_INFINITE_RECURSION = YES;
				CLANG_WARN_INT_CONVERSION = YES;
				CLANG_WARN_NON_LITERAL_NULL_CONVERSION = YES;
				CLANG_WARN_OBJC_IMPLICIT_RETAIN_SELF = YES;
				CLANG_WARN_OBJC_LITERAL_CONVERSION = YES;
				CLANG_WARN_OBJC_ROOT_CLASS = YES_ERROR;
				CLANG_WARN_RANGE_LOOP_ANALYSIS = YES;
				CLANG_WARN_STRICT_PROTOTYPES = YES;
				CLANG_WARN_SUSPICIOUS_MOVE = YES;
				CLANG_WARN_UNGUARDED_AVAILABILITY = YES_AGGRESSIVE;
				CLANG_WARN_UNREACHABLE_CODE = YES;
				CLANG_WARN__DUPLICATE_METHOD_MATCH = YES;
				CODE_SIGN_IDENTITY = "iPhone Developer";
				COPY_PHASE_STRIP = NO;
				DEBUG_INFORMATION_FORMAT = "dwarf-with-dsym";
				ENABLE_NS_ASSERTIONS = NO;
				ENABLE_STRICT_OBJC_MSGSEND = YES;
				GCC_C_LANGUAGE_STANDARD = gnu11;
				GCC_NO_COMMON_BLOCKS = YES;
				GCC_WARN_64_TO_32_BIT_CONVERSION = YES;
				GCC_WARN_ABOUT_RETURN_TYPE = YES_ERROR;
				GCC_WARN_UNDECLARED_SELECTOR = YES;
				GCC_WARN_UNINITIALIZED_AUTOS = YES_AGGRESSIVE;
				GCC_WARN_UNUSED_FUNCTION = YES;
				GCC_WARN_UNUSED_VARIABLE = YES;
				IPHONEOS_DEPLOYMENT_TARGET = 12.2;
				MTL_ENABLE_DEBUG_INFO = NO;
				MTL_FAST_MATH = YES;
				SDKROOT = iphoneos;
				SWIFT_COMPILATION_MODE = wholemodule;
				SWIFT_OPTIMIZATION_LEVEL = "-O";
				VALIDATE_PRODUCT = YES;
			};
			name = Release;
		};
		5F929CE7228C9E8500FC734B /* Debug */ = {
			isa = XCBuildConfiguration;
			baseConfigurationReference = 6C42638A870A09A94D8AA9EE /* Pods-SkyNow.debug.xcconfig */;
			buildSettings = {
				ASSETCATALOG_COMPILER_APPICON_NAME = AppIcon;
				CODE_SIGN_STYLE = Automatic;
				DEVELOPMENT_TEAM = W7AVW8RD9R;
				INFOPLIST_FILE = SkyNow/Info.plist;
				LD_RUNPATH_SEARCH_PATHS = (
					"$(inherited)",
					"@executable_path/Frameworks",
				);
				PRODUCT_BUNDLE_IDENTIFIER = com.FatimahGalhoum.SkyNow;
				PRODUCT_NAME = "$(TARGET_NAME)";
				SWIFT_VERSION = 5.0;
				TARGETED_DEVICE_FAMILY = "1,2";
			};
			name = Debug;
		};
		5F929CE8228C9E8500FC734B /* Release */ = {
			isa = XCBuildConfiguration;
			baseConfigurationReference = B4401E2831BCEA2523975204 /* Pods-SkyNow.release.xcconfig */;
			buildSettings = {
				ASSETCATALOG_COMPILER_APPICON_NAME = AppIcon;
				CODE_SIGN_STYLE = Automatic;
				DEVELOPMENT_TEAM = W7AVW8RD9R;
				INFOPLIST_FILE = SkyNow/Info.plist;
				LD_RUNPATH_SEARCH_PATHS = (
					"$(inherited)",
					"@executable_path/Frameworks",
				);
				PRODUCT_BUNDLE_IDENTIFIER = com.FatimahGalhoum.SkyNow;
				PRODUCT_NAME = "$(TARGET_NAME)";
				SWIFT_VERSION = 5.0;
				TARGETED_DEVICE_FAMILY = "1,2";
			};
			name = Release;
		};
/* End XCBuildConfiguration section */

/* Begin XCConfigurationList section */
		5F929CCF228C9E8500FC734B /* Build configuration list for PBXProject "SkyNow" */ = {
			isa = XCConfigurationList;
			buildConfigurations = (
				5F929CE4228C9E8500FC734B /* Debug */,
				5F929CE5228C9E8500FC734B /* Release */,
			);
			defaultConfigurationIsVisible = 0;
			defaultConfigurationName = Release;
		};
		5F929CE6228C9E8500FC734B /* Build configuration list for PBXNativeTarget "SkyNow" */ = {
			isa = XCConfigurationList;
			buildConfigurations = (
				5F929CE7228C9E8500FC734B /* Debug */,
				5F929CE8228C9E8500FC734B /* Release */,
			);
			defaultConfigurationIsVisible = 0;
			defaultConfigurationName = Release;
		};
/* End XCConfigurationList section */
	};
	rootObject = 5F929CCC228C9E8500FC734B /* Project object */;
}
